{
    "hash": "809c3ad6f8f80e959035f8c2437ebbb0",
    "packages": [
        {
            "name": "mustache/mustache",
            "version": "v2.1.0",
            "source": {
                "type": "git",
                "url": "https://github.com/bobthecow/mustache.php",
                "reference": "v2.1.0"
            },
            "dist": {
                "type": "zip",
                "url": "https://github.com/bobthecow/mustache.php/archive/v2.1.0.zip",
                "reference": "v2.1.0",
                "shasum": ""
            },
            "require": {
                "php": ">=5.2.4"
            },
            "type": "library",
            "autoload": {
                "psr-0": {
                    "Mustache": "src/"
                }
            },
            "notification-url": "http://packagist.org/downloads/",
            "license": [
                "MIT"
            ],
            "authors": [
                {
                    "name": "Justin Hileman",
                    "email": "justin@justinhileman.info",
                    "homepage": "http://justinhileman.com"
                }
            ],
            "description": "A Mustache implementation in PHP.",
            "homepage": "https://github.com/bobthecow/mustache.php",
            "keywords": [
                "mustache",
                "templating"
            ],
            "time": "2013-01-12 07:18:03"
        },
        {
            "name": "neolao/neolao",
            "version": "dev-master",
            "source": {
                "type": "git",
                "url": "https://github.com/neolao/php.git",
                "reference": "c6273d76d933ecd72fd048a743ee15436690a524"
            },
            "dist": {
                "type": "zip",
                "url": "https://api.github.com/repos/neolao/php/zipball/c6273d76d933ecd72fd048a743ee15436690a524",
                "reference": "c6273d76d933ecd72fd048a743ee15436690a524",
                "shasum": ""
            },
            "require": {
                "mustache/mustache": "2.1.*",
                "php": ">=5.4",
                "psr/log": "*",
                "richthegeek/phpsass": "dev-master"
            },
            "type": "library",
            "autoload": {
                "psr-0": {
                    "": [
                        "classes/",
                        "lib/"
                    ],
                    "\\CSSmin": "lib/cssmin.php"
                }
            },
            "notification-url": "https://packagist.org/downloads/",
            "license": [
                "MIT"
            ],
            "authors": [
                {
                    "name": "neolao",
                    "email": "contact@neolao.com",
                    "homepage": "http://neolao.com"
                }
            ],
            "description": "Neolao library for PHP 5.4+",
            "time": "2013-03-01 18:25:01"
        },
        {
            "name": "psr/log",
            "version": "1.0.0",
            "source": {
                "type": "git",
                "url": "https://github.com/php-fig/log",
                "reference": "1.0.0"
            },
            "dist": {
                "type": "zip",
                "url": "https://github.com/php-fig/log/archive/1.0.0.zip",
                "reference": "1.0.0",
                "shasum": ""
            },
            "type": "library",
            "autoload": {
                "psr-0": {
                    "Psr\\Log\\": ""
                }
            },
            "notification-url": "http://packagist.org/downloads/",
            "license": [
                "MIT"
            ],
            "authors": [
                {
                    "name": "PHP-FIG",
                    "homepage": "http://www.php-fig.org/"
                }
            ],
            "description": "Common interface for logging libraries",
            "keywords": [
                "log",
                "psr",
                "psr-3"
            ],
            "time": "2012-12-21 11:40:51"
        },
        {
            "name": "richthegeek/phpsass",
            "version": "dev-master",
            "source": {
                "type": "git",
                "url": "https://github.com/richthegeek/phpsass.git",
                "reference": "b8d0f58c2e37152c6580ab04d1d2d2a58caf5e01"
            },
            "dist": {
                "type": "zip",
                "url": "https://api.github.com/repos/richthegeek/phpsass/zipball/b8d0f58c2e37152c6580ab04d1d2d2a58caf5e01",
                "reference": "b8d0f58c2e37152c6580ab04d1d2d2a58caf5e01",
                "shasum": ""
            },
            "type": "library",
            "autoload": {
                "classmap": [
                    "script/",
                    "renderers/",
                    "tree/",
                    "SassException.php",
                    "SassFile.php",
                    "SassParser.php"
                ]
            },
            "notification-url": "https://packagist.org/downloads/",
            "license": [
                "BSD-2-Clause"
            ],
            "authors": [
                {
                    "name": "Richard Lyon",
                    "homepage": "https://github.com/richthegeek"
                },
                {
                    "name": "Sebastian Siemssen",
                    "homepage": "https://twitter.com/thefubhy"
                },
                {
                    "name": "Steve Jones",
                    "homepage": "https://github.com/darthsteven"
                },
                {
                    "name": "Sam Richard",
                    "homepage": "https://github.com/snugug"
                }
            ],
            "description": "PHPSass is a PHP compiler for SASS, a popular CSS pre-processor language.",
            "homepage": "http://phpsass.com",
            "time": "2013-02-11 11:00:04"
        }
    ],
    "packages-dev": null,
    "aliases": [

    ],
    "minimum-stability": "stable",
    "stability-flags": {
        "neolao/neolao": 20
    }
}
